
Microsoft Visual Studio Solution File, Format Version 12.00
# Visual Studio Version 16
VisualStudioVersion = 16.0.30907.101
MinimumVisualStudioVersion = 10.0.40219.1
Project("{FAE04EC0-301F-11D3-BF4B-00C04F79EFBC}") = "StrategyDesignPattern_CustomerReceipt", "StrategyDesignPattern_CustomerReceipt.csproj", "{1328493E-43CC-4B02-8C78-08C0E8AE18A5}"
EndProject
Global
	GlobalSection(SolutionConfigurationPlatforms) = preSolution
		Debug|Any CPU = Debug|Any CPU
		Release|Any CPU = Release|Any CPU
	EndGlobalSection
	GlobalSection(ProjectConfigurationPlatforms) = postSolution
		{1328493E-43CC-4B02-8C78-08C0E8AE18A5}.Debug|Any CPU.ActiveCfg = Debug|Any CPU
		{1328493E-43CC-4B02-8C78-08C0E8AE18A5}.Debug|Any CPU.Build.0 = Debug|Any CPU
		{1328493E-43CC-4B02-8C78-08C0E8AE18A5}.Release|Any CPU.ActiveCfg = Release|Any CPU
		{1328493E-43CC-4B02-8C78-08C0E8AE18A5}.Release|Any CPU.Build.0 = Release|Any CPU
	EndGlobalSection
	GlobalSection(SolutionProperties) = preSolution
		HideSolutionNode = FALSE
	EndGlobalSection
	GlobalSection(ExtensibilityGlobals) = postSolution
		SolutionGuid = {54AC5F8B-C4D2-4267-9377-039BCEB43643}
	EndGlobalSection
EndGlobal
